
Microsoft Visual Studio Solution File, Format Version 12.00
# Visual Studio Version 17
VisualStudioVersion = 17.0.31903.59
MinimumVisualStudioVersion = 10.0.40219.1
Project("{FAE04EC0-301F-11D3-BF4B-00C04F79EFBC}") = "SBAT.Core", "SBAT.Core\SBAT.Core.csproj", "{F805F1AF-A681-4395-AEA9-9D5774949CFE}"
EndProject
Project("{FAE04EC0-301F-11D3-BF4B-00C04F79EFBC}") = "SBAT.Infrastructure", "SBAT.Infrastructure\SBAT.Infrastructure.csproj", "{28C7A57C-B969-42B3-9636-14D4CAA5B009}"
EndProject
Project("{FAE04EC0-301F-11D3-BF4B-00C04F79EFBC}") = "SBAT.Web", "SBAT.Web\SBAT.Web.csproj", "{E923B59A-746E-4A27-8510-B1BE86FA9FF4}"
EndProject
Global
	GlobalSection(SolutionConfigurationPlatforms) = preSolution
		Debug|Any CPU = Debug|Any CPU
		Release|Any CPU = Release|Any CPU
	EndGlobalSection
	GlobalSection(SolutionProperties) = preSolution
		HideSolutionNode = FALSE
	EndGlobalSection
	GlobalSection(ProjectConfigurationPlatforms) = postSolution
		{F805F1AF-A681-4395-AEA9-9D5774949CFE}.Debug|Any CPU.ActiveCfg = Debug|Any CPU
		{F805F1AF-A681-4395-AEA9-9D5774949CFE}.Debug|Any CPU.Build.0 = Debug|Any CPU
		{F805F1AF-A681-4395-AEA9-9D5774949CFE}.Release|Any CPU.ActiveCfg = Release|Any CPU
		{F805F1AF-A681-4395-AEA9-9D5774949CFE}.Release|Any CPU.Build.0 = Release|Any CPU
		{28C7A57C-B969-42B3-9636-14D4CAA5B009}.Debug|Any CPU.ActiveCfg = Debug|Any CPU
		{28C7A57C-B969-42B3-9636-14D4CAA5B009}.Debug|Any CPU.Build.0 = Debug|Any CPU
		{28C7A57C-B969-42B3-9636-14D4CAA5B009}.Release|Any CPU.ActiveCfg = Release|Any CPU
		{28C7A57C-B969-42B3-9636-14D4CAA5B009}.Release|Any CPU.Build.0 = Release|Any CPU
		{E923B59A-746E-4A27-8510-B1BE86FA9FF4}.Debug|Any CPU.ActiveCfg = Debug|Any CPU
		{E923B59A-746E-4A27-8510-B1BE86FA9FF4}.Debug|Any CPU.Build.0 = Debug|Any CPU
		{E923B59A-746E-4A27-8510-B1BE86FA9FF4}.Release|Any CPU.ActiveCfg = Release|Any CPU
		{E923B59A-746E-4A27-8510-B1BE86FA9FF4}.Release|Any CPU.Build.0 = Release|Any CPU
	EndGlobalSection
EndGlobal
