
Microsoft Visual Studio Solution File, Format Version 12.00
# Visual Studio Version 17
VisualStudioVersion = 17.6.33801.468
MinimumVisualStudioVersion = 10.0.40219.1
Project("{9A19103F-16F7-4668-BE54-9A1E7A4F7556}") = "SBAT.App", "SBAT.App\SBAT.App.csproj", "{8CE5EB2B-5ECA-41D2-A091-EC986C375F83}"
EndProject
Global
	GlobalSection(SolutionConfigurationPlatforms) = preSolution
		Debug|Any CPU = Debug|Any CPU
		Release|Any CPU = Release|Any CPU
	EndGlobalSection
	GlobalSection(ProjectConfigurationPlatforms) = postSolution
		{8CE5EB2B-5ECA-41D2-A091-EC986C375F83}.Debug|Any CPU.ActiveCfg = Debug|Any CPU
		{8CE5EB2B-5ECA-41D2-A091-EC986C375F83}.Debug|Any CPU.Build.0 = Debug|Any CPU
		{8CE5EB2B-5ECA-41D2-A091-EC986C375F83}.Release|Any CPU.ActiveCfg = Release|Any CPU
		{8CE5EB2B-5ECA-41D2-A091-EC986C375F83}.Release|Any CPU.Build.0 = Release|Any CPU
	EndGlobalSection
	GlobalSection(SolutionProperties) = preSolution
		HideSolutionNode = FALSE
	EndGlobalSection
	GlobalSection(ExtensibilityGlobals) = postSolution
		SolutionGuid = {4ED57A2B-07B0-4661-A359-A53FB0EB29F6}
	EndGlobalSection
EndGlobal
